# This file is automatically @generated by Cargo.
# It is not intended for manual editing.
version = 4

[[package]]
name = "cli-configurations"
version = "0.1.0"

[[package]]
name = "domain"
version = "0.1.0"

[[package]]
name = "gateways-impl"
version = "0.1.0"

[[package]]
name = "interface-adapters"
version = "0.1.0"

[[package]]
name = "use-cases"
version = "0.1.0"
